
Microsoft Visual Studio Solution File, Format Version 12.00
# Visual Studio 2013
VisualStudioVersion = 12.0.40629.0
MinimumVisualStudioVersion = 10.0.40219.1
Project("{FAE04EC0-301F-11D3-BF4B-00C04F79EFBC}") = "Main", "Main.csproj", "{563E0B76-C981-4E6A-9D34-956EC5FBE044}"
EndProject
Project("{FAE04EC0-301F-11D3-BF4B-00C04F79EFBC}") = "Lesson01-01", "..\Lesson01-01\Lesson01-01.csproj", "{F40FCFF8-2F24-448C-8840-A5CDAB77F3FD}"
EndProject
Project("{FAE04EC0-301F-11D3-BF4B-00C04F79EFBC}") = "Lesson02-01", "..\Lesson02-01\Lesson02-01.csproj", "{A14686A2-ECFB-4B76-B57A-A6759E40A81C}"
EndProject
Project("{FAE04EC0-301F-11D3-BF4B-00C04F79EFBC}") = "Lesson02-02", "Lesson02-02\Lesson02-02.csproj", "{252CBC73-0C29-47AA-83BF-26BFDDB25065}"
EndProject
Global
	GlobalSection(SolutionConfigurationPlatforms) = preSolution
		Debug|Any CPU = Debug|Any CPU
		Release|Any CPU = Release|Any CPU
	EndGlobalSection
	GlobalSection(ProjectConfigurationPlatforms) = postSolution
		{563E0B76-C981-4E6A-9D34-956EC5FBE044}.Debug|Any CPU.ActiveCfg = Debug|Any CPU
		{563E0B76-C981-4E6A-9D34-956EC5FBE044}.Debug|Any CPU.Build.0 = Debug|Any CPU
		{563E0B76-C981-4E6A-9D34-956EC5FBE044}.Release|Any CPU.ActiveCfg = Release|Any CPU
		{563E0B76-C981-4E6A-9D34-956EC5FBE044}.Release|Any CPU.Build.0 = Release|Any CPU
		{F40FCFF8-2F24-448C-8840-A5CDAB77F3FD}.Debug|Any CPU.ActiveCfg = Debug|Any CPU
		{F40FCFF8-2F24-448C-8840-A5CDAB77F3FD}.Debug|Any CPU.Build.0 = Debug|Any CPU
		{F40FCFF8-2F24-448C-8840-A5CDAB77F3FD}.Release|Any CPU.ActiveCfg = Release|Any CPU
		{F40FCFF8-2F24-448C-8840-A5CDAB77F3FD}.Release|Any CPU.Build.0 = Release|Any CPU
		{A14686A2-ECFB-4B76-B57A-A6759E40A81C}.Debug|Any CPU.ActiveCfg = Debug|Any CPU
		{A14686A2-ECFB-4B76-B57A-A6759E40A81C}.Debug|Any CPU.Build.0 = Debug|Any CPU
		{A14686A2-ECFB-4B76-B57A-A6759E40A81C}.Release|Any CPU.ActiveCfg = Release|Any CPU
		{A14686A2-ECFB-4B76-B57A-A6759E40A81C}.Release|Any CPU.Build.0 = Release|Any CPU
		{252CBC73-0C29-47AA-83BF-26BFDDB25065}.Debug|Any CPU.ActiveCfg = Debug|Any CPU
		{252CBC73-0C29-47AA-83BF-26BFDDB25065}.Debug|Any CPU.Build.0 = Debug|Any CPU
		{252CBC73-0C29-47AA-83BF-26BFDDB25065}.Release|Any CPU.ActiveCfg = Release|Any CPU
		{252CBC73-0C29-47AA-83BF-26BFDDB25065}.Release|Any CPU.Build.0 = Release|Any CPU
	EndGlobalSection
	GlobalSection(SolutionProperties) = preSolution
		HideSolutionNode = FALSE
	EndGlobalSection
EndGlobal
