
Microsoft Visual Studio Solution File, Format Version 12.00
# Visual Studio 2013
VisualStudioVersion = 12.0.40629.0
MinimumVisualStudioVersion = 10.0.40219.1
Project("{FAE04EC0-301F-11D3-BF4B-00C04F79EFBC}") = "Main", "Main.csproj", "{563E0B76-C981-4E6A-9D34-956EC5FBE044}"
EndProject
Project("{FAE04EC0-301F-11D3-BF4B-00C04F79EFBC}") = "Lesson01-01", "Lesson01-01\Lesson01-01.csproj", "{F40FCFF8-2F24-448C-8840-A5CDAB77F3FD}"
EndProject
Project("{FAE04EC0-301F-11D3-BF4B-00C04F79EFBC}") = "Lesson02-01", "Lesson02-01\Lesson02-01.csproj", "{A14686A2-ECFB-4B76-B57A-A6759E40A81C}"
EndProject
Project("{FAE04EC0-301F-11D3-BF4B-00C04F79EFBC}") = "Lesson02-02", "Lesson02-02\Lesson02-02.csproj", "{7987FEAD-0024-4FDB-ADC0-BD6766A03750}"
EndProject
Project("{FAE04EC0-301F-11D3-BF4B-00C04F79EFBC}") = "Lesson03-01", "Lesson03-01\Lesson03-01.csproj", "{CBA6ACD0-903F-4E5C-A74C-93B2FCF86799}"
EndProject
Project("{FAE04EC0-301F-11D3-BF4B-00C04F79EFBC}") = "Lesson03-02", "Lesson03-02\Lesson03-02.csproj", "{7282E9D5-501A-4848-AC22-3589C0D9313F}"
EndProject
Project("{FAE04EC0-301F-11D3-BF4B-00C04F79EFBC}") = "Lesson04-01", "Lesson04-01\Lesson04-01.csproj", "{F53A5B41-A45D-4A13-8978-92492F4BBCD9}"
EndProject
Project("{FAE04EC0-301F-11D3-BF4B-00C04F79EFBC}") = "Lesson04-02", "Lesson04-02\Lesson04-02.csproj", "{7291FF41-EFD5-49D5-860B-B4D64A95FA49}"
EndProject
Project("{FAE04EC0-301F-11D3-BF4B-00C04F79EFBC}") = "Lesson05-01", "Lesson05-01\Lesson05-01.csproj", "{3A63BC93-15EC-413B-847F-DD1A69CAACFB}"
EndProject
Project("{FAE04EC0-301F-11D3-BF4B-00C04F79EFBC}") = "Lesson06-01", "Lesson06-01\Lesson06-01.csproj", "{4CAE3B9F-2BAE-4A26-B907-A1FDD5EAD306}"
EndProject
Project("{FAE04EC0-301F-11D3-BF4B-00C04F79EFBC}") = "Lesson06-02", "Lesson06-02\Lesson06-02.csproj", "{ECA7D5E4-17D2-4856-9745-A331EADB4F79}"
EndProject
Global
	GlobalSection(SolutionConfigurationPlatforms) = preSolution
		Debug|Any CPU = Debug|Any CPU
		Release|Any CPU = Release|Any CPU
	EndGlobalSection
	GlobalSection(ProjectConfigurationPlatforms) = postSolution
		{563E0B76-C981-4E6A-9D34-956EC5FBE044}.Debug|Any CPU.ActiveCfg = Debug|Any CPU
		{563E0B76-C981-4E6A-9D34-956EC5FBE044}.Debug|Any CPU.Build.0 = Debug|Any CPU
		{563E0B76-C981-4E6A-9D34-956EC5FBE044}.Release|Any CPU.ActiveCfg = Release|Any CPU
		{563E0B76-C981-4E6A-9D34-956EC5FBE044}.Release|Any CPU.Build.0 = Release|Any CPU
		{F40FCFF8-2F24-448C-8840-A5CDAB77F3FD}.Debug|Any CPU.ActiveCfg = Debug|Any CPU
		{F40FCFF8-2F24-448C-8840-A5CDAB77F3FD}.Debug|Any CPU.Build.0 = Debug|Any CPU
		{F40FCFF8-2F24-448C-8840-A5CDAB77F3FD}.Release|Any CPU.ActiveCfg = Release|Any CPU
		{F40FCFF8-2F24-448C-8840-A5CDAB77F3FD}.Release|Any CPU.Build.0 = Release|Any CPU
		{A14686A2-ECFB-4B76-B57A-A6759E40A81C}.Debug|Any CPU.ActiveCfg = Debug|Any CPU
		{A14686A2-ECFB-4B76-B57A-A6759E40A81C}.Debug|Any CPU.Build.0 = Debug|Any CPU
		{A14686A2-ECFB-4B76-B57A-A6759E40A81C}.Release|Any CPU.ActiveCfg = Release|Any CPU
		{A14686A2-ECFB-4B76-B57A-A6759E40A81C}.Release|Any CPU.Build.0 = Release|Any CPU
		{7987FEAD-0024-4FDB-ADC0-BD6766A03750}.Debug|Any CPU.ActiveCfg = Debug|Any CPU
		{7987FEAD-0024-4FDB-ADC0-BD6766A03750}.Debug|Any CPU.Build.0 = Debug|Any CPU
		{7987FEAD-0024-4FDB-ADC0-BD6766A03750}.Release|Any CPU.ActiveCfg = Release|Any CPU
		{7987FEAD-0024-4FDB-ADC0-BD6766A03750}.Release|Any CPU.Build.0 = Release|Any CPU
		{CBA6ACD0-903F-4E5C-A74C-93B2FCF86799}.Debug|Any CPU.ActiveCfg = Debug|Any CPU
		{CBA6ACD0-903F-4E5C-A74C-93B2FCF86799}.Debug|Any CPU.Build.0 = Debug|Any CPU
		{CBA6ACD0-903F-4E5C-A74C-93B2FCF86799}.Release|Any CPU.ActiveCfg = Release|Any CPU
		{CBA6ACD0-903F-4E5C-A74C-93B2FCF86799}.Release|Any CPU.Build.0 = Release|Any CPU
		{7282E9D5-501A-4848-AC22-3589C0D9313F}.Debug|Any CPU.ActiveCfg = Debug|Any CPU
		{7282E9D5-501A-4848-AC22-3589C0D9313F}.Debug|Any CPU.Build.0 = Debug|Any CPU
		{7282E9D5-501A-4848-AC22-3589C0D9313F}.Release|Any CPU.ActiveCfg = Release|Any CPU
		{7282E9D5-501A-4848-AC22-3589C0D9313F}.Release|Any CPU.Build.0 = Release|Any CPU
		{F53A5B41-A45D-4A13-8978-92492F4BBCD9}.Debug|Any CPU.ActiveCfg = Debug|Any CPU
		{F53A5B41-A45D-4A13-8978-92492F4BBCD9}.Debug|Any CPU.Build.0 = Debug|Any CPU
		{F53A5B41-A45D-4A13-8978-92492F4BBCD9}.Release|Any CPU.ActiveCfg = Release|Any CPU
		{F53A5B41-A45D-4A13-8978-92492F4BBCD9}.Release|Any CPU.Build.0 = Release|Any CPU
		{7291FF41-EFD5-49D5-860B-B4D64A95FA49}.Debug|Any CPU.ActiveCfg = Debug|Any CPU
		{7291FF41-EFD5-49D5-860B-B4D64A95FA49}.Debug|Any CPU.Build.0 = Debug|Any CPU
		{7291FF41-EFD5-49D5-860B-B4D64A95FA49}.Release|Any CPU.ActiveCfg = Release|Any CPU
		{7291FF41-EFD5-49D5-860B-B4D64A95FA49}.Release|Any CPU.Build.0 = Release|Any CPU
		{3A63BC93-15EC-413B-847F-DD1A69CAACFB}.Debug|Any CPU.ActiveCfg = Debug|Any CPU
		{3A63BC93-15EC-413B-847F-DD1A69CAACFB}.Debug|Any CPU.Build.0 = Debug|Any CPU
		{3A63BC93-15EC-413B-847F-DD1A69CAACFB}.Release|Any CPU.ActiveCfg = Release|Any CPU
		{3A63BC93-15EC-413B-847F-DD1A69CAACFB}.Release|Any CPU.Build.0 = Release|Any CPU
		{4CAE3B9F-2BAE-4A26-B907-A1FDD5EAD306}.Debug|Any CPU.ActiveCfg = Debug|Any CPU
		{4CAE3B9F-2BAE-4A26-B907-A1FDD5EAD306}.Debug|Any CPU.Build.0 = Debug|Any CPU
		{4CAE3B9F-2BAE-4A26-B907-A1FDD5EAD306}.Release|Any CPU.ActiveCfg = Release|Any CPU
		{4CAE3B9F-2BAE-4A26-B907-A1FDD5EAD306}.Release|Any CPU.Build.0 = Release|Any CPU
		{ECA7D5E4-17D2-4856-9745-A331EADB4F79}.Debug|Any CPU.ActiveCfg = Debug|Any CPU
		{ECA7D5E4-17D2-4856-9745-A331EADB4F79}.Debug|Any CPU.Build.0 = Debug|Any CPU
		{ECA7D5E4-17D2-4856-9745-A331EADB4F79}.Release|Any CPU.ActiveCfg = Release|Any CPU
		{ECA7D5E4-17D2-4856-9745-A331EADB4F79}.Release|Any CPU.Build.0 = Release|Any CPU
	EndGlobalSection
	GlobalSection(SolutionProperties) = preSolution
		HideSolutionNode = FALSE
	EndGlobalSection
EndGlobal
